
Microsoft Visual Studio Solution File, Format Version 12.00
# Visual Studio Version 17
VisualStudioVersion = 17.12.35707.178
MinimumVisualStudioVersion = 10.0.40219.1
Project("{FAE04EC0-301F-11D3-BF4B-00C04F79EFBC}") = "TodoApp.Api", "TodoApp.Api\TodoApp.Api.csproj", "{3EB34334-A75C-45A5-BAFD-DA89FBF185B6}"
EndProject
Project("{2150E333-8FDC-42A3-9474-1A3956D46DE8}") = "Solution Items", "Solution Items", "{5C37ED06-CC81-4B02-82CE-6EF76104C013}"
	ProjectSection(SolutionItems) = preProject
		.gitignore = .gitignore
	EndProjectSection
EndProject
Project("{FAE04EC0-301F-11D3-BF4B-00C04F79EFBC}") = "TodoApp.Domain", "TodoApp.Domain\TodoApp.Domain.csproj", "{2A3985FC-970E-437D-B244-01BCD30BDAC9}"
EndProject
Project("{FAE04EC0-301F-11D3-BF4B-00C04F79EFBC}") = "TodoApp.Infrastructure", "TodoApp.Infrastructure\TodoApp.Infrastructure.csproj", "{D3C4999A-21B8-4CE6-8EAD-D9E24176BCF1}"
EndProject
Project("{FAE04EC0-301F-11D3-BF4B-00C04F79EFBC}") = "TodoApp.Application", "TodoApp.Application\TodoApp.Application.csproj", "{CBCB038F-2DB6-43DE-B76E-3B706D24DEC7}"
EndProject
Project("{FAE04EC0-301F-11D3-BF4B-00C04F79EFBC}") = "TodoApp.Web", "TodoApp.Web\TodoApp.Web.csproj", "{4E74F99A-69CB-48F1-B553-D18F98775C28}"
EndProject
Global
	GlobalSection(SolutionConfigurationPlatforms) = preSolution
		Debug|Any CPU = Debug|Any CPU
		Release|Any CPU = Release|Any CPU
	EndGlobalSection
	GlobalSection(ProjectConfigurationPlatforms) = postSolution
		{3EB34334-A75C-45A5-BAFD-DA89FBF185B6}.Debug|Any CPU.ActiveCfg = Debug|Any CPU
		{3EB34334-A75C-45A5-BAFD-DA89FBF185B6}.Debug|Any CPU.Build.0 = Debug|Any CPU
		{3EB34334-A75C-45A5-BAFD-DA89FBF185B6}.Release|Any CPU.ActiveCfg = Release|Any CPU
		{3EB34334-A75C-45A5-BAFD-DA89FBF185B6}.Release|Any CPU.Build.0 = Release|Any CPU
		{2A3985FC-970E-437D-B244-01BCD30BDAC9}.Debug|Any CPU.ActiveCfg = Debug|Any CPU
		{2A3985FC-970E-437D-B244-01BCD30BDAC9}.Debug|Any CPU.Build.0 = Debug|Any CPU
		{2A3985FC-970E-437D-B244-01BCD30BDAC9}.Release|Any CPU.ActiveCfg = Release|Any CPU
		{2A3985FC-970E-437D-B244-01BCD30BDAC9}.Release|Any CPU.Build.0 = Release|Any CPU
		{D3C4999A-21B8-4CE6-8EAD-D9E24176BCF1}.Debug|Any CPU.ActiveCfg = Debug|Any CPU
		{D3C4999A-21B8-4CE6-8EAD-D9E24176BCF1}.Debug|Any CPU.Build.0 = Debug|Any CPU
		{D3C4999A-21B8-4CE6-8EAD-D9E24176BCF1}.Release|Any CPU.ActiveCfg = Release|Any CPU
		{D3C4999A-21B8-4CE6-8EAD-D9E24176BCF1}.Release|Any CPU.Build.0 = Release|Any CPU
		{CBCB038F-2DB6-43DE-B76E-3B706D24DEC7}.Debug|Any CPU.ActiveCfg = Debug|Any CPU
		{CBCB038F-2DB6-43DE-B76E-3B706D24DEC7}.Debug|Any CPU.Build.0 = Debug|Any CPU
		{CBCB038F-2DB6-43DE-B76E-3B706D24DEC7}.Release|Any CPU.ActiveCfg = Release|Any CPU
		{CBCB038F-2DB6-43DE-B76E-3B706D24DEC7}.Release|Any CPU.Build.0 = Release|Any CPU
		{4E74F99A-69CB-48F1-B553-D18F98775C28}.Debug|Any CPU.ActiveCfg = Debug|Any CPU
		{4E74F99A-69CB-48F1-B553-D18F98775C28}.Debug|Any CPU.Build.0 = Debug|Any CPU
		{4E74F99A-69CB-48F1-B553-D18F98775C28}.Release|Any CPU.ActiveCfg = Release|Any CPU
		{4E74F99A-69CB-48F1-B553-D18F98775C28}.Release|Any CPU.Build.0 = Release|Any CPU
	EndGlobalSection
	GlobalSection(SolutionProperties) = preSolution
		HideSolutionNode = FALSE
	EndGlobalSection
EndGlobal
